
Microsoft Visual Studio Solution File, Format Version 12.00
# Visual Studio Version 17
VisualStudioVersion = 17.8.34525.116
MinimumVisualStudioVersion = 10.0.40219.1
Project("{F184B08F-C81C-45F6-A57F-5ABD9991F28F}") = "Introduction to VB document", "Introduction to VB document.vbproj", "{EE6A281E-0B36-4BF8-92EA-5424A991C413}"
EndProject
Global
	GlobalSection(SolutionConfigurationPlatforms) = preSolution
		Debug|Any CPU = Debug|Any CPU
		Release|Any CPU = Release|Any CPU
	EndGlobalSection
	GlobalSection(ProjectConfigurationPlatforms) = postSolution
		{EE6A281E-0B36-4BF8-92EA-5424A991C413}.Debug|Any CPU.ActiveCfg = Debug|Any CPU
		{EE6A281E-0B36-4BF8-92EA-5424A991C413}.Debug|Any CPU.Build.0 = Debug|Any CPU
		{EE6A281E-0B36-4BF8-92EA-5424A991C413}.Release|Any CPU.ActiveCfg = Release|Any CPU
		{EE6A281E-0B36-4BF8-92EA-5424A991C413}.Release|Any CPU.Build.0 = Release|Any CPU
	EndGlobalSection
	GlobalSection(SolutionProperties) = preSolution
		HideSolutionNode = FALSE
	EndGlobalSection
	GlobalSection(ExtensibilityGlobals) = postSolution
		SolutionGuid = {7F2FD405-20F9-4D58-9ED9-29D84A6E307B}
	EndGlobalSection
EndGlobal
